Microsoft Visual Studio Solution File, Format Version 12.00
# Visual Studio Version 16
VisualStudioVersion = 16.0.29306.81
MinimumVisualStudioVersion = 10.0.40219.1
Project("{9A19103F-16F7-4668-BE54-9A1E7A4F7556}") = "EntityModel", "EntityModel\EntityModel.csproj", "{EAB706C6-67C9-4C42-BFBA-E5A746558617}"
EndProject
Project("{9A19103F-16F7-4668-BE54-9A1E7A4F7556}") = "ServiceProviderBot", "ServiceProviderBot\ServiceProviderBot.csproj", "{B361B495-77F1-4756-ACA2-B86BCA4536DE}"
EndProject
Project("{9A19103F-16F7-4668-BE54-9A1E7A4F7556}") = "ServiceProviderBotTrigger", "BotTrigger\ServiceProviderBotTrigger.csproj", "{BC79A314-66C2-4132-860E-3E0F3293134E}"
EndProject
Project("{9A19103F-16F7-4668-BE54-9A1E7A4F7556}") = "ServiceProviderBotTriggerHarness", "BotTriggerHarness\ServiceProviderBotTriggerHarness.csproj", "{693A06D1-289E-4573-8621-862F41B5EFAF}"
EndProject
Project("{9A19103F-16F7-4668-BE54-9A1E7A4F7556}") = "Shared", "Shared\Shared.csproj", "{52A8D726-D4B4-4FB0-9F6F-7C4A54D878C9}"
EndProject
Project("{2150E333-8FDC-42A3-9474-1A3956D46DE8}") = "Tools", "Tools", "{6D893DF8-5CA6-419D-9B58-AD7398FE47A2}"
EndProject
Project("{9A19103F-16F7-4668-BE54-9A1E7A4F7556}") = "DatabaseInitializer", "DatabaseInitializer\DatabaseInitializer.csproj", "{9B2F4199-6EF8-4FC0-93EC-F560B8C36493}"
EndProject
Project("{9A19103F-16F7-4668-BE54-9A1E7A4F7556}") = "SearchBot", "SearchBot\SearchBot.csproj", "{0ACC0596-FC14-4FA9-ACD7-9767A326B9B0}"
EndProject
Project("{9A19103F-16F7-4668-BE54-9A1E7A4F7556}") = "ServiceProviderBotTests", "ServiceProviderBotTests\ServiceProviderBotTests.csproj", "{77F83336-5C25-467E-ADE8-06EF19D72CC5}"
EndProject
Project("{9A19103F-16F7-4668-BE54-9A1E7A4F7556}") = "SearchBotTests", "SearchBotTests\SearchBotTests.csproj", "{5049C592-A1F0-40B7-8F60-7EB88F83C16A}"
EndProject
Global
	GlobalSection(SolutionConfigurationPlatforms) = preSolution
		Debug|Any CPU = Debug|Any CPU
		Release|Any CPU = Release|Any CPU
	EndGlobalSection
	GlobalSection(ProjectConfigurationPlatforms) = postSolution
		{EAB706C6-67C9-4C42-BFBA-E5A746558617}.Debug|Any CPU.ActiveCfg = Debug|Any CPU
		{EAB706C6-67C9-4C42-BFBA-E5A746558617}.Debug|Any CPU.Build.0 = Debug|Any CPU
		{EAB706C6-67C9-4C42-BFBA-E5A746558617}.Release|Any CPU.ActiveCfg = Release|Any CPU
		{EAB706C6-67C9-4C42-BFBA-E5A746558617}.Release|Any CPU.Build.0 = Release|Any CPU
		{B361B495-77F1-4756-ACA2-B86BCA4536DE}.Debug|Any CPU.ActiveCfg = Debug|Any CPU
		{B361B495-77F1-4756-ACA2-B86BCA4536DE}.Debug|Any CPU.Build.0 = Debug|Any CPU
		{B361B495-77F1-4756-ACA2-B86BCA4536DE}.Release|Any CPU.ActiveCfg = Release|Any CPU
		{B361B495-77F1-4756-ACA2-B86BCA4536DE}.Release|Any CPU.Build.0 = Release|Any CPU
		{BC79A314-66C2-4132-860E-3E0F3293134E}.Debug|Any CPU.ActiveCfg = Debug|Any CPU
		{BC79A314-66C2-4132-860E-3E0F3293134E}.Debug|Any CPU.Build.0 = Debug|Any CPU
		{BC79A314-66C2-4132-860E-3E0F3293134E}.Release|Any CPU.ActiveCfg = Release|Any CPU
		{BC79A314-66C2-4132-860E-3E0F3293134E}.Release|Any CPU.Build.0 = Release|Any CPU
		{693A06D1-289E-4573-8621-862F41B5EFAF}.Debug|Any CPU.ActiveCfg = Debug|Any CPU
		{693A06D1-289E-4573-8621-862F41B5EFAF}.Debug|Any CPU.Build.0 = Debug|Any CPU
		{693A06D1-289E-4573-8621-862F41B5EFAF}.Release|Any CPU.ActiveCfg = Release|Any CPU
		{693A06D1-289E-4573-8621-862F41B5EFAF}.Release|Any CPU.Build.0 = Release|Any CPU
		{52A8D726-D4B4-4FB0-9F6F-7C4A54D878C9}.Debug|Any CPU.ActiveCfg = Debug|Any CPU
		{52A8D726-D4B4-4FB0-9F6F-7C4A54D878C9}.Debug|Any CPU.Build.0 = Debug|Any CPU
		{52A8D726-D4B4-4FB0-9F6F-7C4A54D878C9}.Release|Any CPU.ActiveCfg = Release|Any CPU
		{52A8D726-D4B4-4FB0-9F6F-7C4A54D878C9}.Release|Any CPU.Build.0 = Release|Any CPU
		{9B2F4199-6EF8-4FC0-93EC-F560B8C36493}.Debug|Any CPU.ActiveCfg = Debug|Any CPU
		{9B2F4199-6EF8-4FC0-93EC-F560B8C36493}.Debug|Any CPU.Build.0 = Debug|Any CPU
		{9B2F4199-6EF8-4FC0-93EC-F560B8C36493}.Release|Any CPU.ActiveCfg = Release|Any CPU
		{9B2F4199-6EF8-4FC0-93EC-F560B8C36493}.Release|Any CPU.Build.0 = Release|Any CPU
		{0ACC0596-FC14-4FA9-ACD7-9767A326B9B0}.Debug|Any CPU.ActiveCfg = Debug|Any CPU
		{0ACC0596-FC14-4FA9-ACD7-9767A326B9B0}.Debug|Any CPU.Build.0 = Debug|Any CPU
		{0ACC0596-FC14-4FA9-ACD7-9767A326B9B0}.Release|Any CPU.ActiveCfg = Release|Any CPU
		{0ACC0596-FC14-4FA9-ACD7-9767A326B9B0}.Release|Any CPU.Build.0 = Release|Any CPU
		{77F83336-5C25-467E-ADE8-06EF19D72CC5}.Debug|Any CPU.ActiveCfg = Debug|Any CPU
		{77F83336-5C25-467E-ADE8-06EF19D72CC5}.Debug|Any CPU.Build.0 = Debug|Any CPU
		{77F83336-5C25-467E-ADE8-06EF19D72CC5}.Release|Any CPU.ActiveCfg = Release|Any CPU
		{77F83336-5C25-467E-ADE8-06EF19D72CC5}.Release|Any CPU.Build.0 = Release|Any CPU
		{5049C592-A1F0-40B7-8F60-7EB88F83C16A}.Debug|Any CPU.ActiveCfg = Debug|Any CPU
		{5049C592-A1F0-40B7-8F60-7EB88F83C16A}.Debug|Any CPU.Build.0 = Debug|Any CPU
		{5049C592-A1F0-40B7-8F60-7EB88F83C16A}.Release|Any CPU.ActiveCfg = Release|Any CPU
		{5049C592-A1F0-40B7-8F60-7EB88F83C16A}.Release|Any CPU.Build.0 = Release|Any CPU
	EndGlobalSection
	GlobalSection(SolutionProperties) = preSolution
		HideSolutionNode = FALSE
	EndGlobalSection
	GlobalSection(NestedProjects) = preSolution
		{9B2F4199-6EF8-4FC0-93EC-F560B8C36493} = {6D893DF8-5CA6-419D-9B58-AD7398FE47A2}
	EndGlobalSection
	GlobalSection(ExtensibilityGlobals) = postSolution
		SolutionGuid = {AF5B0EAE-936E-42E6-8D2F-9E05497B10C2}
	EndGlobalSection
EndGlobal
